
Microsoft Visual Studio Solution File, Format Version 12.00
# Visual Studio Version 17
VisualStudioVersion = 17.8.34511.84
MinimumVisualStudioVersion = 10.0.40219.1
Project("{FAE04EC0-301F-11D3-BF4B-00C04F79EFBC}") = "DelegatesEvents", "DelegatesEvents.csproj", "{3454260E-FDC2-413F-A81C-D888BC689AB0}"
EndProject
Global
	GlobalSection(SolutionConfigurationPlatforms) = preSolution
		Debug|Any CPU = Debug|Any CPU
		Release|Any CPU = Release|Any CPU
	EndGlobalSection
	GlobalSection(ProjectConfigurationPlatforms) = postSolution
		{3454260E-FDC2-413F-A81C-D888BC689AB0}.Debug|Any CPU.ActiveCfg = Debug|Any CPU
		{3454260E-FDC2-413F-A81C-D888BC689AB0}.Debug|Any CPU.Build.0 = Debug|Any CPU
		{3454260E-FDC2-413F-A81C-D888BC689AB0}.Release|Any CPU.ActiveCfg = Release|Any CPU
		{3454260E-FDC2-413F-A81C-D888BC689AB0}.Release|Any CPU.Build.0 = Release|Any CPU
	EndGlobalSection
	GlobalSection(SolutionProperties) = preSolution
		HideSolutionNode = FALSE
	EndGlobalSection
	GlobalSection(ExtensibilityGlobals) = postSolution
		SolutionGuid = {5325202D-B084-4610-83DE-9BEF210CC833}
	EndGlobalSection
EndGlobal
